
Microsoft Visual Studio Solution File, Format Version 12.00
# Visual Studio Version 17
VisualStudioVersion = 17.8.34330.188
MinimumVisualStudioVersion = 10.0.40219.1
Project("{2150E333-8FDC-42A3-9474-1A3956D46DE8}") = "src", "src", "{C022179B-5703-4C55-B4D4-DB237C97539E}"
EndProject
Project("{9A19103F-16F7-4668-BE54-9A1E7A4F7556}") = "ApplicationCore", "src\ApplicationCore\ApplicationCore.csproj", "{01AB21AB-CF3D-4EFA-9E18-2985A033716C}"
EndProject
Project("{9A19103F-16F7-4668-BE54-9A1E7A4F7556}") = "WebApi", "src\WebApi\WebApi.csproj", "{1FC34E28-7BF2-4216-91F4-CCFE580F2DA2}"
EndProject
Global
	GlobalSection(SolutionConfigurationPlatforms) = preSolution
		Debug|Any CPU = Debug|Any CPU
		Release|Any CPU = Release|Any CPU
	EndGlobalSection
	GlobalSection(ProjectConfigurationPlatforms) = postSolution
		{01AB21AB-CF3D-4EFA-9E18-2985A033716C}.Debug|Any CPU.ActiveCfg = Debug|Any CPU
		{01AB21AB-CF3D-4EFA-9E18-2985A033716C}.Debug|Any CPU.Build.0 = Debug|Any CPU
		{01AB21AB-CF3D-4EFA-9E18-2985A033716C}.Release|Any CPU.ActiveCfg = Release|Any CPU
		{01AB21AB-CF3D-4EFA-9E18-2985A033716C}.Release|Any CPU.Build.0 = Release|Any CPU
		{1FC34E28-7BF2-4216-91F4-CCFE580F2DA2}.Debug|Any CPU.ActiveCfg = Debug|Any CPU
		{1FC34E28-7BF2-4216-91F4-CCFE580F2DA2}.Debug|Any CPU.Build.0 = Debug|Any CPU
		{1FC34E28-7BF2-4216-91F4-CCFE580F2DA2}.Release|Any CPU.ActiveCfg = Release|Any CPU
		{1FC34E28-7BF2-4216-91F4-CCFE580F2DA2}.Release|Any CPU.Build.0 = Release|Any CPU
	EndGlobalSection
	GlobalSection(SolutionProperties) = preSolution
		HideSolutionNode = FALSE
	EndGlobalSection
	GlobalSection(NestedProjects) = preSolution
		{01AB21AB-CF3D-4EFA-9E18-2985A033716C} = {C022179B-5703-4C55-B4D4-DB237C97539E}
		{1FC34E28-7BF2-4216-91F4-CCFE580F2DA2} = {C022179B-5703-4C55-B4D4-DB237C97539E}
	EndGlobalSection
	GlobalSection(ExtensibilityGlobals) = postSolution
		SolutionGuid = {2E626C56-7D50-4299-B128-A842FF046012}
	EndGlobalSection
EndGlobal
